Microsoft Visual Studio Solution File, Format Version 12.00
# Visual Studio Version 17
VisualStudioVersion = 17.5.2.0
MinimumVisualStudioVersion = 10.0.40219.1
Project("{FAE04EC0-301F-11D3-BF4B-00C04F79EFBC}") = "InfoTrackBackend", "InfoTrackBackend\InfoTrackBackend.csproj", "{A9299A56-5BCE-1F0F-1F0E-8C9521E05BFB}"
EndProject
Global
	GlobalSection(SolutionConfigurationPlatforms) = preSolution
		Debug|Any CPU = Debug|Any CPU
		Release|Any CPU = Release|Any CPU
	EndGlobalSection
	GlobalSection(ProjectConfigurationPlatforms) = postSolution
		{A9299A56-5BCE-1F0F-1F0E-8C9521E05BFB}.Debug|Any CPU.ActiveCfg = Debug|Any CPU
		{A9299A56-5BCE-1F0F-1F0E-8C9521E05BFB}.Debug|Any CPU.Build.0 = Debug|Any CPU
		{A9299A56-5BCE-1F0F-1F0E-8C9521E05BFB}.Release|Any CPU.ActiveCfg = Release|Any CPU
		{A9299A56-5BCE-1F0F-1F0E-8C9521E05BFB}.Release|Any CPU.Build.0 = Release|Any CPU
	EndGlobalSection
	GlobalSection(SolutionProperties) = preSolution
		HideSolutionNode = FALSE
	EndGlobalSection
	GlobalSection(ExtensibilityGlobals) = postSolution
		SolutionGuid = {4DE8F7FE-EC2D-4FBF-83A1-2196DAF6C8C8}
	EndGlobalSection
EndGlobal
